
Microsoft Visual Studio Solution File, Format Version 12.00
Project("{FAE04EC0-301F-11D3-BF4B-00C04F79EFBC}") = "Travel", "Travel\Travel.csproj", "{30DACCED-56DF-47A3-8CCD-CAB8C97F2EF4}"
EndProject
Project("{2150E333-8FDC-42A3-9474-1A3956D46DE8}") = "Solution Items", "Solution Items", "{F8FF2391-3FCF-4538-9B65-05818AB1B279}"
	ProjectSection(SolutionItems) = preProject
		compose.yaml = compose.yaml
	EndProjectSection
EndProject
Global
	GlobalSection(SolutionConfigurationPlatforms) = preSolution
		Debug|Any CPU = Debug|Any CPU
		Release|Any CPU = Release|Any CPU
	EndGlobalSection
	GlobalSection(ProjectConfigurationPlatforms) = postSolution
		{30DACCED-56DF-47A3-8CCD-CAB8C97F2EF4}.Debug|Any CPU.ActiveCfg = Debug|Any CPU
		{30DACCED-56DF-47A3-8CCD-CAB8C97F2EF4}.Debug|Any CPU.Build.0 = Debug|Any CPU
		{30DACCED-56DF-47A3-8CCD-CAB8C97F2EF4}.Release|Any CPU.ActiveCfg = Release|Any CPU
		{30DACCED-56DF-47A3-8CCD-CAB8C97F2EF4}.Release|Any CPU.Build.0 = Release|Any CPU
	EndGlobalSection
EndGlobal
